{
  "name": "gm-skill",
  "version": "2.0.1941",
  "lockfileVersion": 3,
  "requires": true,
  "packages": {
    "": {
      "name": "gm-skill",
      "version": "2.0.1941",
      "license": "MIT",
      "dependencies": {
        "ccsniff": "^1.1.30",
        "gm-plugkit": "^2.0.1941",
        "gmsniff": "^1.0.42"
      },
      "bin": {
        "gm": "bin/install.js",
        "gm-install": "bin/install.js",
        "gm-skill": "bin/install.js",
        "gm-skill-bootstrap": "bin/bootstrap.js"
      },
      "engines": {
        "node": ">=16.0.0"
      }
    },
    "node_modules/ccsniff": {
      "version": "1.1.30",
      "resolved": "https://registry.npmjs.org/ccsniff/-/ccsniff-1.1.30.tgz",
      "integrity": "sha512-hS8qlJKfI1HEz6oNPs46slQm6GUwjXZoFemb3dLnLR4UkP8PKRCGloG4KbaIGFBvFmGR9U1GQHB6tYqBpiRTRQ==",
      "bin": {
        "ccsniff": "src/cli.js"
      },
      "engines": {
        "node": ">=18"
      },
      "peerDependencies": {
        "express": "^4 || ^5"
      },
      "peerDependenciesMeta": {
        "express": {
          "optional": true
        }
      }
    },
    "node_modules/gm-plugkit": {
      "version": "2.0.1941",
      "resolved": "https://registry.npmjs.org/gm-plugkit/-/gm-plugkit-2.0.1941.tgz",
      "integrity": "sha512-y5qJ3v2HSzjFtSjJM+RqE9lGBfLrA13XZG3y2xeeTb94i4bbL/PQrB8+FdSyU4i1srhkqftzlN4r1dAsdl7GMg==",
      "bin": {
        "gm-plugkit": "cli.js",
        "plugkit-wasm-wrapper": "plugkit-wasm-wrapper.js"
      }
    },
    "node_modules/gmsniff": {
      "version": "1.0.42",
      "resolved": "https://registry.npmjs.org/gmsniff/-/gmsniff-1.0.42.tgz",
      "integrity": "sha512-DFb13oMZ7Hb4G2FSJN3ORMxZaH/U9Yv/WRUrwixOKAXMkxZSa/+PycA3TQwqG0UbLNG80nck95BTqX/oNx0ucg==",
      "bin": {
        "gmsniff": "src/cli.js"
      },
      "engines": {
        "node": ">=18"
      }
    }
  }
}
