{
  "name": "gm-skill",
  "version": "2.0.1624",
  "lockfileVersion": 3,
  "requires": true,
  "packages": {
    "": {
      "name": "gm-skill",
      "version": "2.0.1624",
      "license": "MIT",
      "dependencies": {
        "ccsniff": "^1.1.0",
        "gm-plugkit": "^2.0.1310",
        "gmsniff": "^1.0.0"
      },
      "bin": {
        "gm-install": "bin/install.js",
        "gm-skill-bootstrap": "bin/bootstrap.js"
      },
      "engines": {
        "node": ">=16.0.0"
      }
    },
    "node_modules/ccsniff": {
      "version": "1.1.24",
      "resolved": "https://registry.npmjs.org/ccsniff/-/ccsniff-1.1.24.tgz",
      "integrity": "sha512-XzZu4JUQBPqbsTOmHzytFC7qUhTzebk+hMdIZnLYLuED5gCAU3KGEGLg25Q6dv1/vngIDZo5QGI+Es/jDGQTbg==",
      "bin": {
        "ccsniff": "src/cli.js"
      },
      "engines": {
        "node": ">=18"
      },
      "peerDependencies": {
        "express": "^4 || ^5"
      },
      "peerDependenciesMeta": {
        "express": {
          "optional": true
        }
      }
    },
    "node_modules/gm-plugkit": {
      "version": "2.0.1625",
      "resolved": "https://registry.npmjs.org/gm-plugkit/-/gm-plugkit-2.0.1625.tgz",
      "integrity": "sha512-CAAM1/dDGwClReK1i6oph1V+yuRU2v3nIBvACbPj+aaqRCdCCwsYspqwEmrr38QSKzMXptKwm+y1NPS8My38Rg==",
      "bin": {
        "gm-plugkit": "cli.js",
        "plugkit-wasm-wrapper": "plugkit-wasm-wrapper.js"
      }
    },
    "node_modules/gmsniff": {
      "version": "1.0.20",
      "resolved": "https://registry.npmjs.org/gmsniff/-/gmsniff-1.0.20.tgz",
      "integrity": "sha512-BUocrbU1A0/JtxNUoZfpYB12e2xnju0slwXa2WENT+BvZSoM+eypDIl/LM29uYAzzRQz1i/JktwYCtOnRlgGVw==",
      "bin": {
        "gmsniff": "src/cli.js"
      },
      "engines": {
        "node": ">=18"
      }
    }
  }
}
